
Microsoft Visual Studio Solution File, Format Version 12.00
# Visual Studio 15
VisualStudioVersion = 15.0.28010.2036
MinimumVisualStudioVersion = 10.0.40219.1
Project("{FAE04EC0-301F-11D3-BF4B-00C04F79EFBC}") = "TestAr.Dominio", "TestAr\TestAr.Dominio.csproj", "{7C5D2E9D-460D-40C1-9519-BBF02AC22716}"
EndProject
Project("{FAE04EC0-301F-11D3-BF4B-00C04F79EFBC}") = "TestAr.Datos", "TestAr.Datos\TestAr.Datos.csproj", "{481790BF-FB05-4BE3-A254-F94ED6B265D3}"
EndProject
Project("{FAE04EC0-301F-11D3-BF4B-00C04F79EFBC}") = "TestAr.Container", "Test\TestAr.Container.csproj", "{4B1058D5-BD26-496E-A009-69A31EA6992B}"
EndProject
Project("{FAE04EC0-301F-11D3-BF4B-00C04F79EFBC}") = "TestAr.Aplicacion", "TestAr.Aplicacion\TestAr.Aplicacion.csproj", "{AAD4281C-1050-4D3C-841E-EAEA99C8CEAB}"
EndProject
Project("{FAE04EC0-301F-11D3-BF4B-00C04F79EFBC}") = "TestAr.API", "TestAr.API\TestAr.API.csproj", "{76210C0F-9348-4BE9-A5B8-2D3FE601E289}"
EndProject
Project("{FAE04EC0-301F-11D3-BF4B-00C04F79EFBC}") = "TestAr.IoC", "TestAr.IoC\TestAr.IoC.csproj", "{099B0A2C-8F8D-4A5A-A170-C204C8D0C156}"
EndProject
Project("{FAE04EC0-301F-11D3-BF4B-00C04F79EFBC}") = "TestAr.Web", "TestAr.WebII\TestAr.Web.csproj", "{2C1F735F-3F7A-4974-96C4-004472BC8B59}"
EndProject
Global
	GlobalSection(SolutionConfigurationPlatforms) = preSolution
		Debug|Any CPU = Debug|Any CPU
		Release|Any CPU = Release|Any CPU
	EndGlobalSection
	GlobalSection(ProjectConfigurationPlatforms) = postSolution
		{7C5D2E9D-460D-40C1-9519-BBF02AC22716}.Debug|Any CPU.ActiveCfg = Debug|Any CPU
		{7C5D2E9D-460D-40C1-9519-BBF02AC22716}.Debug|Any CPU.Build.0 = Debug|Any CPU
		{7C5D2E9D-460D-40C1-9519-BBF02AC22716}.Release|Any CPU.ActiveCfg = Release|Any CPU
		{7C5D2E9D-460D-40C1-9519-BBF02AC22716}.Release|Any CPU.Build.0 = Release|Any CPU
		{481790BF-FB05-4BE3-A254-F94ED6B265D3}.Debug|Any CPU.ActiveCfg = Debug|Any CPU
		{481790BF-FB05-4BE3-A254-F94ED6B265D3}.Debug|Any CPU.Build.0 = Debug|Any CPU
		{481790BF-FB05-4BE3-A254-F94ED6B265D3}.Release|Any CPU.ActiveCfg = Release|Any CPU
		{481790BF-FB05-4BE3-A254-F94ED6B265D3}.Release|Any CPU.Build.0 = Release|Any CPU
		{4B1058D5-BD26-496E-A009-69A31EA6992B}.Debug|Any CPU.ActiveCfg = Debug|Any CPU
		{4B1058D5-BD26-496E-A009-69A31EA6992B}.Debug|Any CPU.Build.0 = Debug|Any CPU
		{4B1058D5-BD26-496E-A009-69A31EA6992B}.Release|Any CPU.ActiveCfg = Release|Any CPU
		{4B1058D5-BD26-496E-A009-69A31EA6992B}.Release|Any CPU.Build.0 = Release|Any CPU
		{AAD4281C-1050-4D3C-841E-EAEA99C8CEAB}.Debug|Any CPU.ActiveCfg = Debug|Any CPU
		{AAD4281C-1050-4D3C-841E-EAEA99C8CEAB}.Debug|Any CPU.Build.0 = Debug|Any CPU
		{AAD4281C-1050-4D3C-841E-EAEA99C8CEAB}.Release|Any CPU.ActiveCfg = Release|Any CPU
		{AAD4281C-1050-4D3C-841E-EAEA99C8CEAB}.Release|Any CPU.Build.0 = Release|Any CPU
		{76210C0F-9348-4BE9-A5B8-2D3FE601E289}.Debug|Any CPU.ActiveCfg = Debug|Any CPU
		{76210C0F-9348-4BE9-A5B8-2D3FE601E289}.Debug|Any CPU.Build.0 = Debug|Any CPU
		{76210C0F-9348-4BE9-A5B8-2D3FE601E289}.Release|Any CPU.ActiveCfg = Release|Any CPU
		{76210C0F-9348-4BE9-A5B8-2D3FE601E289}.Release|Any CPU.Build.0 = Release|Any CPU
		{099B0A2C-8F8D-4A5A-A170-C204C8D0C156}.Debug|Any CPU.ActiveCfg = Debug|Any CPU
		{099B0A2C-8F8D-4A5A-A170-C204C8D0C156}.Debug|Any CPU.Build.0 = Debug|Any CPU
		{099B0A2C-8F8D-4A5A-A170-C204C8D0C156}.Release|Any CPU.ActiveCfg = Release|Any CPU
		{099B0A2C-8F8D-4A5A-A170-C204C8D0C156}.Release|Any CPU.Build.0 = Release|Any CPU
		{2C1F735F-3F7A-4974-96C4-004472BC8B59}.Debug|Any CPU.ActiveCfg = Debug|Any CPU
		{2C1F735F-3F7A-4974-96C4-004472BC8B59}.Debug|Any CPU.Build.0 = Debug|Any CPU
		{2C1F735F-3F7A-4974-96C4-004472BC8B59}.Release|Any CPU.ActiveCfg = Release|Any CPU
		{2C1F735F-3F7A-4974-96C4-004472BC8B59}.Release|Any CPU.Build.0 = Release|Any CPU
	EndGlobalSection
	GlobalSection(SolutionProperties) = preSolution
		HideSolutionNode = FALSE
	EndGlobalSection
	GlobalSection(ExtensibilityGlobals) = postSolution
		SolutionGuid = {518F798B-A233-4002-8908-276EE4D4769D}
	EndGlobalSection
EndGlobal
